{
  "requires": true,
  "lockfileVersion": 1,
  "dependencies": {
    "city-timezones": {
      "version": "1.2.0",
      "resolved": "https://registry.npmjs.org/city-timezones/-/city-timezones-1.2.0.tgz",
      "integrity": "sha512-/69UkTbg9MEsYfiEIUqkKFZBRzuuw+5WLHgybeGaR/E28/w0hLy87Q4QHa0GLStp/EOxXpq5zYvDIu9xcs+bKw==",
      "requires": {
        "lodash": ">=4.17.12"
      }
    },
    "lodash": {
      "version": "4.17.15",
      "resolved": "https://registry.npmjs.org/lodash/-/lodash-4.17.15.tgz",
      "integrity": "sha512-8xOcRHvCjnocdS5cpwXQXVzmmh5e5+saE2QGoeQmbKmRS6J3VQppPOIt0MnmE+4xlZoumy0GPG0D0MVIQbNA1A=="
    }
  }
}
